// !$*UTF8*$!
{
	archiveVersion = 1;
	classes = {
	};
	objectVersion = 46;
	objects = {

/* Begin PBXBuildFile section */
		5456B38C1F31F130001279BD /* AppDelegate.swift in Sources */ = {isa = PBXBuildFile; fileRef = 5456B38B1F31F130001279BD /* AppDelegate.swift */; };
		5456B38E1F31F130001279BD /* ViewController.swift in Sources */ = {isa = PBXBuildFile; fileRef = 5456B38D1F31F130001279BD /* ViewController.swift */; };
		5456B3911F31F130001279BD /* Main.storyboard in Resources */ = {isa = PBXBuildFile; fileRef = 5456B38F1F31F130001279BD /* Main.storyboard */; };
		5456B3931F31F130001279BD /* Assets.xcassets in Resources */ = {isa = PBXBuildFile; fileRef = 5456B3921F31F130001279BD /* Assets.xcassets */; };
		5456B3961F31F131001279BD /* LaunchScreen.storyboard in Resources */ = {isa = PBXBuildFile; fileRef = 5456B3941F31F131001279BD /* LaunchScreen.storyboard */; };
		5456B3A11F31F131001279BD /* Json_parsing_UITableviewTests.swift in Sources */ = {isa = PBXBuildFile; fileRef = 5456B3A01F31F131001279BD /* Json_parsing_UITableviewTests.swift */; };
		5456B3AC1F31F131001279BD /* Json_parsing_UITableviewUITests.swift in Sources */ = {isa = PBXBuildFile; fileRef = 5456B3AB1F31F131001279BD /* Json_parsing_UITableviewUITests.swift */; };
/* End PBXBuildFile section */

/* Begin PBXContainerItemProxy section */
		5456B39D1F31F131001279BD /* PBXContainerItemProxy */ = {
			isa = PBXContainerItemProxy;
			containerPortal = 5456B3801F31F130001279BD /* Project object */;
			proxyType = 1;
			remoteGlobalIDString = 5456B3871F31F130001279BD;
			remoteInfo = "Json parsing UITableview";
		};
		5456B3A81F31F131001279BD /* PBXContainerItemProxy */ = {
			isa = PBXContainerItemProxy;
			containerPortal = 5456B3801F31F130001279BD /* Project object */;
			proxyType = 1;
			remoteGlobalIDString = 5456B3871F31F130001279BD;
			remoteInfo = "Json parsing UITableview";
		};
/* End PBXContainerItemProxy section */

/* Begin PBXFileReference section */
		5456B3881F31F130001279BD /* Json parsing UITableview.app */ = {isa = PBXFileReference; explicitFileType = wrapper.application; includeInIndex = 0; path = "Json parsing UITableview.app"; sourceTree = BUILT_PRODUCTS_DIR; };
		5456B38B1F31F130001279BD /* AppDelegate.swift */ = {isa = PBXFileReference; lastKnownFileType = sourcecode.swift; path = AppDelegate.swift; sourceTree = "<group>"; };
		5456B38D1F31F130001279BD /* ViewController.swift */ = {isa = PBXFileReference; lastKnownFileType = sourcecode.swift; path = ViewController.swift; sourceTree = "<group>"; };
		5456B3901F31F130001279BD /* Base */ = {isa = PBXFileReference; lastKnownFileType = file.storyboard; name = Base; path = Base.lproj/Main.storyboard; sourceTree = "<group>"; };
		5456B3921F31F130001279BD /* Assets.xcassets */ = {isa = PBXFileReference; lastKnownFileType = folder.assetcatalog; path = Assets.xcassets; sourceTree = "<group>"; };
		5456B3951F31F131001279BD /* Base */ = {isa = PBXFileReference; lastKnownFileType = file.storyboard; name = Base; path = Base.lproj/LaunchScreen.storyboard; sourceTree = "<group>"; };
		5456B3971F31F131001279BD /* Info.plist */ = {isa = PBXFileReference; lastKnownFileType = text.plist.xml; path = Info.plist; sourceTree = "<group>"; };
		5456B39C1F31F131001279BD /* Json parsing UITableviewTests.xctest */ = {isa = PBXFileReference; explicitFileType = wrapper.cfbundle; includeInIndex = 0; path = "Json parsing UITableviewTests.xctest"; sourceTree = BUILT_PRODUCTS_DIR; };
		5456B3A01F31F131001279BD /* Json_parsing_UITableviewTests.swift */ = {isa = PBXFileReference; lastKnownFileType = sourcecode.swift; path = Json_parsing_UITableviewTests.swift; sourceTree = "<group>"; };
		5456B3A21F31F131001279BD /* Info.plist */ = {isa = PBXFileReference; lastKnownFileType = text.plist.xml; path = Info.plist; sourceTree = "<group>"; };
		5456B3A71F31F131001279BD /* Json parsing UITableviewUITests.xctest */ = {isa = PBXFileReference; explicitFileType = wrapper.cfbundle; includeInIndex = 0; path = "Json parsing UITableviewUITests.xctest"; sourceTree = BUILT_PRODUCTS_DIR; };
		5456B3AB1F31F131001279BD /* Json_parsing_UITableviewUITests.swift */ = {isa = PBXFileReference; lastKnownFileType = sourcecode.swift; path = Json_parsing_UITableviewUITests.swift; sourceTree = "<group>"; };
		5456B3AD1F31F131001279BD /* Info.plist */ = {isa = PBXFileReference; lastKnownFileType = text.plist.xml; path = Info.plist; sourceTree = "<group>"; };
/* End PBXFileReference section */

/* Begin PBXFrameworksBuildPhase section */
		5456B3851F31F130001279BD /* Frameworks */ = {
			isa = PBXFrameworksBuildPhase;
			buildActionMask = 2147483647;
			files = (
			);
			runOnlyForDeploymentPostprocessing = 0;
		};
		5456B3991F31F131001279BD /* Frameworks */ = {
			isa = PBXFrameworksBuildPhase;
			buildActionMask = 2147483647;
			files = (
			);
			runOnlyForDeploymentPostprocessing = 0;
		};
		5456B3A41F31F131001279BD /* Frameworks */ = {
			isa = PBXFrameworksBuildPhase;
			buildActionMask = 2147483647;
			files = (
			);
			runOnlyForDeploymentPostprocessing = 0;
		};
/* End PBXFrameworksBuildPhase section */

/* Begin PBXGroup section */
		5456B37F1F31F130001279BD = {
			isa = PBXGroup;
			children = (
				5456B38A1F31F130001279BD /* Json parsing UITableview */,
				5456B39F1F31F131001279BD /* Json parsing UITableviewTests */,
				5456B3AA1F31F131001279BD /* Json parsing UITableviewUITests */,
				5456B3891F31F130001279BD /* Products */,
			);
			sourceTree = "<group>";
		};
		5456B3891F31F130001279BD /* Products */ = {
			isa = PBXGroup;
			children = (
				5456B3881F31F130001279BD /* Json parsing UITableview.app */,
				5456B39C1F31F131001279BD /* Json parsing UITableviewTests.xctest */,
				5456B3A71F31F131001279BD /* Json parsing UITableviewUITests.xctest */,
			);
			name = Products;
			sourceTree = "<group>";
		};
		5456B38A1F31F130001279BD /* Json parsing UITableview */ = {
			isa = PBXGroup;
			children = (
				5456B38B1F31F130001279BD /* AppDelegate.swift */,
				5456B38D1F31F130001279BD /* ViewController.swift */,
				5456B38F1F31F130001279BD /* Main.storyboard */,
				5456B3921F31F130001279BD /* Assets.xcassets */,
				5456B3941F31F131001279BD /* LaunchScreen.storyboard */,
				5456B3971F31F131001279BD /* Info.plist */,
			);
			path = "Json parsing UITableview";
			sourceTree = "<group>";
		};
		5456B39F1F31F131001279BD /* Json parsing UITableviewTests */ = {
			isa = PBXGroup;
			children = (
				5456B3A01F31F131001279BD /* Json_parsing_UITableviewTests.swift */,
				5456B3A21F31F131001279BD /* Info.plist */,
			);
			path = "Json parsing UITableviewTests";
			sourceTree = "<group>";
		};
		5456B3AA1F31F131001279BD /* Json parsing UITableviewUITests */ = {
			isa = PBXGroup;
			children = (
				5456B3AB1F31F131001279BD /* Json_parsing_UITableviewUITests.swift */,
				5456B3AD1F31F131001279BD /* Info.plist */,
			);
			path = "Json parsing UITableviewUITests";
			sourceTree = "<group>";
		};
/* End PBXGroup section */

/* Begin PBXNativeTarget section */
		5456B3871F31F130001279BD /* Json parsing UITableview */ = {
			isa = PBXNativeTarget;
			buildConfigurationList = 5456B3B01F31F131001279BD /* Build configuration list for PBXNativeTarget "Json parsing UITableview" */;
			buildPhases = (
				5456B3841F31F130001279BD /* Sources */,
				5456B3851F31F130001279BD /* Frameworks */,
				5456B3861F31F130001279BD /* Resources */,
			);
			buildRules = (
			);
			dependencies = (
			);
			name = "Json parsing UITableview";
			productName = "Json parsing UITableview";
			productReference = 5456B3881F31F130001279BD /* Json parsing UITableview.app */;
			productType = "com.apple.product-type.application";
		};
		5456B39B1F31F131001279BD /* Json parsing UITableviewTests */ = {
			isa = PBXNativeTarget;
			buildConfigurationList = 5456B3B31F31F131001279BD /* Build configuration list for PBXNativeTarget "Json parsing UITableviewTests" */;
			buildPhases = (
				5456B3981F31F131001279BD /* Sources */,
				5456B3991F31F131001279BD /* Frameworks */,
				5456B39A1F31F131001279BD /* Resources */,
			);
			buildRules = (
			);
			dependencies = (
				5456B39E1F31F131001279BD /* PBXTargetDependency */,
			);
			name = "Json parsing UITableviewTests";
			productName = "Json parsing UITableviewTests";
			productReference = 5456B39C1F31F131001279BD /* Json parsing UITableviewTests.xctest */;
			productType = "com.apple.product-type.bundle.unit-test";
		};
		5456B3A61F31F131001279BD /* Json parsing UITableviewUITests */ = {
			isa = PBXNativeTarget;
			buildConfigurationList = 5456B3B61F31F131001279BD /* Build configuration list for PBXNativeTarget "Json parsing UITableviewUITests" */;
			buildPhases = (
				5456B3A31F31F131001279BD /* Sources */,
				5456B3A41F31F131001279BD /* Frameworks */,
				5456B3A51F31F131001279BD /* Resources */,
			);
			buildRules = (
			);
			dependencies = (
				5456B3A91F31F131001279BD /* PBXTargetDependency */,
			);
			name = "Json parsing UITableviewUITests";
			productName = "Json parsing UITableviewUITests";
			productReference = 5456B3A71F31F131001279BD /* Json parsing UITableviewUITests.xctest */;
			productType = "com.apple.product-type.bundle.ui-testing";
		};
/* End PBXNativeTarget section */

/* Begin PBXProject section */
		5456B3801F31F130001279BD /* Project object */ = {
			isa = PBXProject;
			attributes = {
				LastSwiftUpdateCheck = 0830;
				LastUpgradeCheck = 0830;
				ORGANIZATIONNAME = G;
				TargetAttributes = {
					5456B3871F31F130001279BD = {
						CreatedOnToolsVersion = 8.3.2;
						ProvisioningStyle = Automatic;
					};
					5456B39B1F31F131001279BD = {
						CreatedOnToolsVersion = 8.3.2;
						ProvisioningStyle = Automatic;
						TestTargetID = 5456B3871F31F130001279BD;
					};
					5456B3A61F31F131001279BD = {
						CreatedOnToolsVersion = 8.3.2;
						ProvisioningStyle = Automatic;
						TestTargetID = 5456B3871F31F130001279BD;
					};
				};
			};
			buildConfigurationList = 5456B3831F31F130001279BD /* Build configuration list for PBXProject "Json parsing UITableview" */;
			compatibilityVersion = "Xcode 3.2";
			developmentRegion = English;
			hasScannedForEncodings = 0;
			knownRegions = (
				en,
				Base,
			);
			mainGroup = 5456B37F1F31F130001279BD;
			productRefGroup = 5456B3891F31F130001279BD /* Products */;
			projectDirPath = "";
			projectRoot = "";
			targets = (
				5456B3871F31F130001279BD /* Json parsing UITableview */,
				5456B39B1F31F131001279BD /* Json parsing UITableviewTests */,
				5456B3A61F31F131001279BD /* Json parsing UITableviewUITests */,
			);
		};
/* End PBXProject section */

/* Begin PBXResourcesBuildPhase section */
		5456B3861F31F130001279BD /* Resources */ = {
			isa = PBXResourcesBuildPhase;
			buildActionMask = 2147483647;
			files = (
				5456B3961F31F131001279BD /* LaunchScreen.storyboard in Resources */,
				5456B3931F31F130001279BD /* Assets.xcassets in Resources */,
				5456B3911F31F130001279BD /* Main.storyboard in Resources */,
			);
			runOnlyForDeploymentPostprocessing = 0;
		};
		5456B39A1F31F131001279BD /* Resources */ = {
			isa = PBXResourcesBuildPhase;
			buildActionMask = 2147483647;
			files = (
			);
			runOnlyForDeploymentPostprocessing = 0;
		};
		5456B3A51F31F131001279BD /* Resources */ = {
			isa = PBXResourcesBuildPhase;
			buildActionMask = 2147483647;
			files = (
			);
			runOnlyForDeploymentPostprocessing = 0;
		};
/* End PBXResourcesBuildPhase section */

/* Begin PBXSourcesBuildPhase section */
		5456B3841F31F130001279BD /* Sources */ = {
			isa = PBXSourcesBuildPhase;
			buildActionMask = 2147483647;
			files = (
				5456B38E1F31F130001279BD /* ViewController.swift in Sources */,
				5456B38C1F31F130001279BD /* AppDelegate.swift in Sources */,
			);
			runOnlyForDeploymentPostprocessing = 0;
		};
		5456B3981F31F131001279BD /* Sources */ = {
			isa = PBXSourcesBuildPhase;
			buildActionMask = 2147483647;
			files = (
				5456B3A11F31F131001279BD /* Json_parsing_UITableviewTests.swift in Sources */,
			);
			runOnlyForDeploymentPostprocessing = 0;
		};
		5456B3A31F31F131001279BD /* Sources */ = {
			isa = PBXSourcesBuildPhase;
			buildActionMask = 2147483647;
			files = (
				5456B3AC1F31F131001279BD /* Json_parsing_UITableviewUITests.swift in Sources */,
			);
			runOnlyForDeploymentPostprocessing = 0;
		};
/* End PBXSourcesBuildPhase section */

/* Begin PBXTargetDependency section */
		5456B39E1F31F131001279BD /* PBXTargetDependency */ = {
			isa = PBXTargetDependency;
			target = 5456B3871F31F130001279BD /* Json parsing UITableview */;
			targetProxy = 5456B39D1F31F131001279BD /* PBXContainerItemProxy */;
		};
		5456B3A91F31F131001279BD /* PBXTargetDependency */ = {
			isa = PBXTargetDependency;
			target = 5456B3871F31F130001279BD /* Json parsing UITableview */;
			targetProxy = 5456B3A81F31F131001279BD /* PBXContainerItemProxy */;
		};
/* End PBXTargetDependency section */

/* Begin PBXVariantGroup section */
		5456B38F1F31F130001279BD /* Main.storyboard */ = {
			isa = PBXVariantGroup;
			children = (
				5456B3901F31F130001279BD /* Base */,
			);
			name = Main.storyboard;
			sourceTree = "<group>";
		};
		5456B3941F31F131001279BD /* LaunchScreen.storyboard */ = {
			isa = PBXVariantGroup;
			children = (
				5456B3951F31F131001279BD /* Base */,
			);
			name = LaunchScreen.storyboard;
			sourceTree = "<group>";
		};
/* End PBXVariantGroup section */

/* Begin XCBuildConfiguration section */
		5456B3AE1F31F131001279BD /* Debug */ = {
			isa = XCBuildConfiguration;
			buildSettings = {
				ALWAYS_SEARCH_USER_PATHS = NO;
				CLANG_ANALYZER_NONNULL = YES;
				CLANG_ANALYZER_NUMBER_OBJECT_CONVERSION = YES_AGGRESSIVE;
				CLANG_CXX_LANGUAGE_STANDARD = "gnu++0x";
				CLANG_CXX_LIBRARY = "libc++";
				CLANG_ENABLE_MODULES = YES;
				CLANG_ENABLE_OBJC_ARC = YES;
				CLANG_WARN_BOOL_CONVERSION = YES;
				CLANG_WARN_CONSTANT_CONVERSION = YES;
				CLANG_WARN_DIRECT_OBJC_ISA_USAGE = YES_ERROR;
				CLANG_WARN_DOCUMENTATION_COMMENTS = YES;
				CLANG_WARN_EMPTY_BODY = YES;
				CLANG_WARN_ENUM_CONVERSION = YES;
				CLANG_WARN_INFINITE_RECURSION = YES;
				CLANG_WARN_INT_CONVERSION = YES;
				CLANG_WARN_OBJC_ROOT_CLASS = YES_ERROR;
				CLANG_WARN_SUSPICIOUS_MOVE = YES;
				CLANG_WARN_UNREACHABLE_CODE = YES;
				CLANG_WARN__DUPLICATE_METHOD_MATCH = YES;
				"CODE_SIGN_IDENTITY[sdk=iphoneos*]" = "iPhone Developer";
				COPY_PHASE_STRIP = NO;
				DEBUG_INFORMATION_FORMAT = dwarf;
				ENABLE_STRICT_OBJC_MSGSEND = YES;
				ENABLE_TESTABILITY = YES;
				GCC_C_LANGUAGE_STANDARD = gnu99;
				GCC_DYNAMIC_NO_PIC = NO;
				GCC_NO_COMMON_BLOCKS = YES;
				GCC_OPTIMIZATION_LEVEL = 0;
				GCC_PREPROCESSOR_DEFINITIONS = (
					"DEBUG=1",
					"$(inherited)",
				);
				GCC_WARN_64_TO_32_BIT_CONVERSION = YES;
				GCC_WARN_ABOUT_RETURN_TYPE = YES_ERROR;
				GCC_WARN_UNDECLARED_SELECTOR = YES;
				GCC_WARN_UNINITIALIZED_AUTOS = YES_AGGRESSIVE;
				GCC_WARN_UNUSED_FUNCTION = YES;
				GCC_WARN_UNUSED_VARIABLE = YES;
				IPHONEOS_DEPLOYMENT_TARGET = 10.3;
				MTL_ENABLE_DEBUG_INFO = YES;
				ONLY_ACTIVE_ARCH = YES;
				SDKROOT = iphoneos;
				SWIFT_ACTIVE_COMPILATION_CONDITIONS = DEBUG;
				SWIFT_OPTIMIZATION_LEVEL = "-Onone";
			};
			name = Debug;
		};
		5456B3AF1F31F131001279BD /* Release */ = {
			isa = XCBuildConfiguration;
			buildSettings = {
				ALWAYS_SEARCH_USER_PATHS = NO;
				CLANG_ANALYZER_NONNULL = YES;
				CLANG_ANALYZER_NUMBER_OBJECT_CONVERSION = YES_AGGRESSIVE;
				CLANG_CXX_LANGUAGE_STANDARD = "gnu++0x";
				CLANG_CXX_LIBRARY = "libc++";
				CLANG_ENABLE_MODULES = YES;
				CLANG_ENABLE_OBJC_ARC = YES;
				CLANG_WARN_BOOL_CONVERSION = YES;
				CLANG_WARN_CONSTANT_CONVERSION = YES;
				CLANG_WARN_DIRECT_OBJC_ISA_USAGE = YES_ERROR;
				CLANG_WARN_DOCUMENTATION_COMMENTS = YES;
				CLANG_WARN_EMPTY_BODY = YES;
				CLANG_WARN_ENUM_CONVERSION = YES;
				CLANG_WARN_INFINITE_RECURSION = YES;
				CLANG_WARN_INT_CONVERSION = YES;
				CLANG_WARN_OBJC_ROOT_CLASS = YES_ERROR;
				CLANG_WARN_SUSPICIOUS_MOVE = YES;
				CLANG_WARN_UNREACHABLE_CODE = YES;
				CLANG_WARN__DUPLICATE_METHOD_MATCH = YES;
				"CODE_SIGN_IDENTITY[sdk=iphoneos*]" = "iPhone Developer";
				COPY_PHASE_STRIP = NO;
				DEBUG_INFORMATION_FORMAT = "dwarf-with-dsym";
				ENABLE_NS_ASSERTIONS = NO;
				ENABLE_STRICT_OBJC_MSGSEND = YES;
				GCC_C_LANGUAGE_STANDARD = gnu99;
				GCC_NO_COMMON_BLOCKS = YES;
				GCC_WARN_64_TO_32_BIT_CONVERSION = YES;
				GCC_WARN_ABOUT_RETURN_TYPE = YES_ERROR;
				GCC_WARN_UNDECLARED_SELECTOR = YES;
				GCC_WARN_UNINITIALIZED_AUTOS = YES_AGGRESSIVE;
				GCC_WARN_UNUSED_FUNCTION = YES;
				GCC_WARN_UNUSED_VARIABLE = YES;
				IPHONEOS_DEPLOYMENT_TARGET = 10.3;
				MTL_ENABLE_DEBUG_INFO = NO;
				SDKROOT = iphoneos;
				SWIFT_OPTIMIZATION_LEVEL = "-Owholemodule";
				VALIDATE_PRODUCT = YES;
			};
			name = Release;
		};
		5456B3B11F31F131001279BD /* Debug */ = {
			isa = XCBuildConfiguration;
			buildSettings = {
				ASSETCATALOG_COMPILER_APPICON_NAME = AppIcon;
				INFOPLIST_FILE = "Json parsing UITableview/Info.plist";
				LD_RUNPATH_SEARCH_PATHS = "$(inherited) @executable_path/Frameworks";
				PRODUCT_BUNDLE_IDENTIFIER = "com.experts.Json-parsing-UITableview";
				PRODUCT_NAME = "$(TARGET_NAME)";
				SWIFT_VERSION = 3.0;
			};
			name = Debug;
		};
		5456B3B21F31F131001279BD /* Release */ = {
			isa = XCBuildConfiguration;
			buildSettings = {
				ASSETCATALOG_COMPILER_APPICON_NAME = AppIcon;
				INFOPLIST_FILE = "Json parsing UITableview/Info.plist";
				LD_RUNPATH_SEARCH_PATHS = "$(inherited) @executable_path/Frameworks";
				PRODUCT_BUNDLE_IDENTIFIER = "com.experts.Json-parsing-UITableview";
				PRODUCT_NAME = "$(TARGET_NAME)";
				SWIFT_VERSION = 3.0;
			};
			name = Release;
		};
		5456B3B41F31F131001279BD /* Debug */ = {
			isa = XCBuildConfiguration;
			buildSettings = {
				ALWAYS_EMBED_SWIFT_STANDARD_LIBRARIES = YES;
				BUNDLE_LOADER = "$(TEST_HOST)";
				INFOPLIST_FILE = "Json parsing UITableviewTests/Info.plist";
				LD_RUNPATH_SEARCH_PATHS = "$(inherited) @executable_path/Frameworks @loader_path/Frameworks";
				PRODUCT_BUNDLE_IDENTIFIER = "com.experts.Json-parsing-UITableviewTests";
				PRODUCT_NAME = "$(TARGET_NAME)";
				SWIFT_VERSION = 3.0;
				TEST_HOST = "$(BUILT_PRODUCTS_DIR)/Json parsing UITableview.app/Json parsing UITableview";
			};
			name = Debug;
		};
		5456B3B51F31F131001279BD /* Release */ = {
			isa = XCBuildConfiguration;
			buildSettings = {
				ALWAYS_EMBED_SWIFT_STANDARD_LIBRARIES = YES;
				BUNDLE_LOADER = "$(TEST_HOST)";
				INFOPLIST_FILE = "Json parsing UITableviewTests/Info.plist";
				LD_RUNPATH_SEARCH_PATHS = "$(inherited) @executable_path/Frameworks @loader_path/Frameworks";
				PRODUCT_BUNDLE_IDENTIFIER = "com.experts.Json-parsing-UITableviewTests";
				PRODUCT_NAME = "$(TARGET_NAME)";
				SWIFT_VERSION = 3.0;
				TEST_HOST = "$(BUILT_PRODUCTS_DIR)/Json parsing UITableview.app/Json parsing UITableview";
			};
			name = Release;
		};
		5456B3B71F31F131001279BD /* Debug */ = {
			isa = XCBuildConfiguration;
			buildSettings = {
				ALWAYS_EMBED_SWIFT_STANDARD_LIBRARIES = YES;
				INFOPLIST_FILE = "Json parsing UITableviewUITests/Info.plist";
				LD_RUNPATH_SEARCH_PATHS = "$(inherited) @executable_path/Frameworks @loader_path/Frameworks";
				PRODUCT_BUNDLE_IDENTIFIER = "com.experts.Json-parsing-UITableviewUITests";
				PRODUCT_NAME = "$(TARGET_NAME)";
				SWIFT_VERSION = 3.0;
				TEST_TARGET_NAME = "Json parsing UITableview";
			};
			name = Debug;
		};
		5456B3B81F31F131001279BD /* Release */ = {
			isa = XCBuildConfiguration;
			buildSettings = {
				ALWAYS_EMBED_SWIFT_STANDARD_LIBRARIES = YES;
				INFOPLIST_FILE = "Json parsing UITableviewUITests/Info.plist";
				LD_RUNPATH_SEARCH_PATHS = "$(inherited) @executable_path/Frameworks @loader_path/Frameworks";
				PRODUCT_BUNDLE_IDENTIFIER = "com.experts.Json-parsing-UITableviewUITests";
				PRODUCT_NAME = "$(TARGET_NAME)";
				SWIFT_VERSION = 3.0;
				TEST_TARGET_NAME = "Json parsing UITableview";
			};
			name = Release;
		};
/* End XCBuildConfiguration section */

/* Begin XCConfigurationList section */
		5456B3831F31F130001279BD /* Build configuration list for PBXProject "Json parsing UITableview" */ = {
			isa = XCConfigurationList;
			buildConfigurations = (
				5456B3AE1F31F131001279BD /* Debug */,
				5456B3AF1F31F131001279BD /* Release */,
			);
			defaultConfigurationIsVisible = 0;
			defaultConfigurationName = Release;
		};
		5456B3B01F31F131001279BD /* Build configuration list for PBXNativeTarget "Json parsing UITableview" */ = {
			isa = XCConfigurationList;
			buildConfigurations = (
				5456B3B11F31F131001279BD /* Debug */,
				5456B3B21F31F131001279BD /* Release */,
			);
			defaultConfigurationIsVisible = 0;
		};
		5456B3B31F31F131001279BD /* Build configuration list for PBXNativeTarget "Json parsing UITableviewTests" */ = {
			isa = XCConfigurationList;
			buildConfigurations = (
				5456B3B41F31F131001279BD /* Debug */,
				5456B3B51F31F131001279BD /* Release */,
			);
			defaultConfigurationIsVisible = 0;
		};
		5456B3B61F31F131001279BD /* Build configuration list for PBXNativeTarget "Json parsing UITableviewUITests" */ = {
			isa = XCConfigurationList;
			buildConfigurations = (
				5456B3B71F31F131001279BD /* Debug */,
				5456B3B81F31F131001279BD /* Release */,
			);
			defaultConfigurationIsVisible = 0;
		};
/* End XCConfigurationList section */
	};
	rootObject = 5456B3801F31F130001279BD /* Project object */;
}
